// !$*UTF8*$!
{
	archiveVersion = 1;
	classes = {
	};
	objectVersion = 48;
	objects = {

/* Begin PBXBuildFile section */
		091BBDFB205B08520046A2F4 /* Default-568h@2x.png in Resources */ = {isa = PBXBuildFile; fileRef = 091BBDFA205B08520046A2F4 /* Default-568h@2x.png */; };
		091BBE04205B08E50046A2F4 /* NotesListInteractor.swift in Sources */ = {isa = PBXBuildFile; fileRef = 091BBDFE205B08E50046A2F4 /* NotesListInteractor.swift */; };
		091BBE05205B08E50046A2F4 /* NotesListPresenter.swift in Sources */ = {isa = PBXBuildFile; fileRef = 091BBDFF205B08E50046A2F4 /* NotesListPresenter.swift */; };
		091BBE06205B08E50046A2F4 /* NotesListProtocols.swift in Sources */ = {isa = PBXBuildFile; fileRef = 091BBE00205B08E50046A2F4 /* NotesListProtocols.swift */; };
		091BBE07205B08E50046A2F4 /* NotesListRouter.swift in Sources */ = {isa = PBXBuildFile; fileRef = 091BBE01205B08E50046A2F4 /* NotesListRouter.swift */; };
		091BBE08205B08E50046A2F4 /* NotesListViewController.swift in Sources */ = {isa = PBXBuildFile; fileRef = 091BBE02205B08E50046A2F4 /* NotesListViewController.swift */; };
		091BBE09205B08E50046A2F4 /* NotesListViewController.xib in Resources */ = {isa = PBXBuildFile; fileRef = 091BBE03205B08E50046A2F4 /* NotesListViewController.xib */; };
		091BBE0B205B093E0046A2F4 /* NotesListAssembler.swift in Sources */ = {isa = PBXBuildFile; fileRef = 091BBE0A205B093E0046A2F4 /* NotesListAssembler.swift */; };
		091BBE0D205BB3D70046A2F4 /* MainAssembler.swift in Sources */ = {isa = PBXBuildFile; fileRef = 091BBE0C205BB3D70046A2F4 /* MainAssembler.swift */; };
		0955348220599E87004D24D3 /* AppDelegate.swift in Sources */ = {isa = PBXBuildFile; fileRef = 0955348120599E87004D24D3 /* AppDelegate.swift */; };
		0955348420599E87004D24D3 /* ViewController.swift in Sources */ = {isa = PBXBuildFile; fileRef = 0955348320599E87004D24D3 /* ViewController.swift */; };
		0955348720599E87004D24D3 /* Main.storyboard in Resources */ = {isa = PBXBuildFile; fileRef = 0955348520599E87004D24D3 /* Main.storyboard */; };
		0955348920599E87004D24D3 /* Assets.xcassets in Resources */ = {isa = PBXBuildFile; fileRef = 0955348820599E87004D24D3 /* Assets.xcassets */; };
		0955348C20599E87004D24D3 /* LaunchScreen.storyboard in Resources */ = {isa = PBXBuildFile; fileRef = 0955348A20599E87004D24D3 /* LaunchScreen.storyboard */; };
		0955349720599E87004D24D3 /* LPNotesManagerCodeTestTests.swift in Sources */ = {isa = PBXBuildFile; fileRef = 0955349620599E87004D24D3 /* LPNotesManagerCodeTestTests.swift */; };
		095534A72059A3C6004D24D3 /* ViewControllerAssembler.swift in Sources */ = {isa = PBXBuildFile; fileRef = 095534A62059A3C6004D24D3 /* ViewControllerAssembler.swift */; };
		099E8678205D215500D8CF98 /* Note.swift in Sources */ = {isa = PBXBuildFile; fileRef = 099E8677205D215500D8CF98 /* Note.swift */; };
		099E867A205D240000D8CF98 /* NotesDataManager.swift in Sources */ = {isa = PBXBuildFile; fileRef = 099E8679205D240000D8CF98 /* NotesDataManager.swift */; };
		099E867E205D2B9500D8CF98 /* NoteCell.swift in Sources */ = {isa = PBXBuildFile; fileRef = 099E867C205D2B9500D8CF98 /* NoteCell.swift */; };
		099E867F205D2B9500D8CF98 /* NoteCell.xib in Resources */ = {isa = PBXBuildFile; fileRef = 099E867D205D2B9500D8CF98 /* NoteCell.xib */; };
		099E8681205D377E00D8CF98 /* UIColor.swift in Sources */ = {isa = PBXBuildFile; fileRef = 099E8680205D377E00D8CF98 /* UIColor.swift */; };
		09CE1C66205AFB2B0090656A /* Swinject.framework in Frameworks */ = {isa = PBXBuildFile; fileRef = 09CE1C64205AFB230090656A /* Swinject.framework */; };
		09CE1C67205AFB2B0090656A /* Swinject.framework in Embed Frameworks */ = {isa = PBXBuildFile; fileRef = 09CE1C64205AFB230090656A /* Swinject.framework */; settings = {ATTRIBUTES = (CodeSignOnCopy, RemoveHeadersOnCopy, ); }; };
		09CE1C6E205B00590090656A /* AssemblerProtocol.swift in Sources */ = {isa = PBXBuildFile; fileRef = 09CE1C6D205B00590090656A /* AssemblerProtocol.swift */; };
/* End PBXBuildFile section */

/* Begin PBXContainerItemProxy section */
		0955349320599E87004D24D3 /* PBXContainerItemProxy */ = {
			isa = PBXContainerItemProxy;
			containerPortal = 0955347620599E87004D24D3 /* Project object */;
			proxyType = 1;
			remoteGlobalIDString = 0955347D20599E87004D24D3;
			remoteInfo = LPNotesManagerCodeTest;
		};
/* End PBXContainerItemProxy section */

/* Begin PBXCopyFilesBuildPhase section */
		09B2AEF9205AFABC006E3D0C /* Embed Frameworks */ = {
			isa = PBXCopyFilesBuildPhase;
			buildActionMask = 2147483647;
			dstPath = "";
			dstSubfolderSpec = 10;
			files = (
				09CE1C67205AFB2B0090656A /* Swinject.framework in Embed Frameworks */,
			);
			name = "Embed Frameworks";
			runOnlyForDeploymentPostprocessing = 0;
		};
/* End PBXCopyFilesBuildPhase section */

/* Begin PBXFileReference section */
		091BBDFA205B08520046A2F4 /* Default-568h@2x.png */ = {isa = PBXFileReference; lastKnownFileType = image.png; path = "Default-568h@2x.png"; sourceTree = "<group>"; };
		091BBDFE205B08E50046A2F4 /* NotesListInteractor.swift */ = {isa = PBXFileReference; lastKnownFileType = sourcecode.swift; path = NotesListInteractor.swift; sourceTree = "<group>"; };
		091BBDFF205B08E50046A2F4 /* NotesListPresenter.swift */ = {isa = PBXFileReference; lastKnownFileType = sourcecode.swift; path = NotesListPresenter.swift; sourceTree = "<group>"; };
		091BBE00205B08E50046A2F4 /* NotesListProtocols.swift */ = {isa = PBXFileReference; lastKnownFileType = sourcecode.swift; path = NotesListProtocols.swift; sourceTree = "<group>"; };
		091BBE01205B08E50046A2F4 /* NotesListRouter.swift */ = {isa = PBXFileReference; lastKnownFileType = sourcecode.swift; path = NotesListRouter.swift; sourceTree = "<group>"; };
		091BBE02205B08E50046A2F4 /* NotesListViewController.swift */ = {isa = PBXFileReference; lastKnownFileType = sourcecode.swift; path = NotesListViewController.swift; sourceTree = "<group>"; };
		091BBE03205B08E50046A2F4 /* NotesListViewController.xib */ = {isa = PBXFileReference; lastKnownFileType = file.xib; path = NotesListViewController.xib; sourceTree = "<group>"; };
		091BBE0A205B093E0046A2F4 /* NotesListAssembler.swift */ = {isa = PBXFileReference; lastKnownFileType = sourcecode.swift; path = NotesListAssembler.swift; sourceTree = "<group>"; };
		091BBE0C205BB3D70046A2F4 /* MainAssembler.swift */ = {isa = PBXFileReference; lastKnownFileType = sourcecode.swift; path = MainAssembler.swift; sourceTree = "<group>"; };
		0955347E20599E87004D24D3 /* LPNotesManagerCodeTest.app */ = {isa = PBXFileReference; explicitFileType = wrapper.application; includeInIndex = 0; path = LPNotesManagerCodeTest.app; sourceTree = BUILT_PRODUCTS_DIR; };
		0955348120599E87004D24D3 /* AppDelegate.swift */ = {isa = PBXFileReference; lastKnownFileType = sourcecode.swift; path = AppDelegate.swift; sourceTree = "<group>"; };
		0955348320599E87004D24D3 /* ViewController.swift */ = {isa = PBXFileReference; lastKnownFileType = sourcecode.swift; path = ViewController.swift; sourceTree = "<group>"; };
		0955348620599E87004D24D3 /* Base */ = {isa = PBXFileReference; lastKnownFileType = file.storyboard; name = Base; path = Base.lproj/Main.storyboard; sourceTree = "<group>"; };
		0955348820599E87004D24D3 /* Assets.xcassets */ = {isa = PBXFileReference; lastKnownFileType = folder.assetcatalog; path = Assets.xcassets; sourceTree = "<group>"; };
		0955348B20599E87004D24D3 /* Base */ = {isa = PBXFileReference; lastKnownFileType = file.storyboard; name = Base; path = Base.lproj/LaunchScreen.storyboard; sourceTree = "<group>"; };
		0955348D20599E87004D24D3 /* Info.plist */ = {isa = PBXFileReference; lastKnownFileType = text.plist.xml; path = Info.plist; sourceTree = "<group>"; };
		0955349220599E87004D24D3 /* LPNotesManagerCodeTestTests.xctest */ = {isa = PBXFileReference; explicitFileType = wrapper.cfbundle; includeInIndex = 0; path = LPNotesManagerCodeTestTests.xctest; sourceTree = BUILT_PRODUCTS_DIR; };
		0955349620599E87004D24D3 /* LPNotesManagerCodeTestTests.swift */ = {isa = PBXFileReference; lastKnownFileType = sourcecode.swift; path = LPNotesManagerCodeTestTests.swift; sourceTree = "<group>"; };
		0955349820599E87004D24D3 /* Info.plist */ = {isa = PBXFileReference; lastKnownFileType = text.plist.xml; path = Info.plist; sourceTree = "<group>"; };
		095534A62059A3C6004D24D3 /* ViewControllerAssembler.swift */ = {isa = PBXFileReference; lastKnownFileType = sourcecode.swift; path = ViewControllerAssembler.swift; sourceTree = "<group>"; };
		099E8677205D215500D8CF98 /* Note.swift */ = {isa = PBXFileReference; lastKnownFileType = sourcecode.swift; path = Note.swift; sourceTree = "<group>"; };
		099E8679205D240000D8CF98 /* NotesDataManager.swift */ = {isa = PBXFileReference; lastKnownFileType = sourcecode.swift; path = NotesDataManager.swift; sourceTree = "<group>"; };
		099E867C205D2B9500D8CF98 /* NoteCell.swift */ = {isa = PBXFileReference; lastKnownFileType = sourcecode.swift; path = NoteCell.swift; sourceTree = "<group>"; };
		099E867D205D2B9500D8CF98 /* NoteCell.xib */ = {isa = PBXFileReference; lastKnownFileType = file.xib; path = NoteCell.xib; sourceTree = "<group>"; };
		099E8680205D377E00D8CF98 /* UIColor.swift */ = {isa = PBXFileReference; lastKnownFileType = sourcecode.swift; path = UIColor.swift; sourceTree = "<group>"; };
		09CE1C64205AFB230090656A /* Swinject.framework */ = {isa = PBXFileReference; lastKnownFileType = wrapper.framework; path = Swinject.framework; sourceTree = "<group>"; };
		09CE1C6D205B00590090656A /* AssemblerProtocol.swift */ = {isa = PBXFileReference; lastKnownFileType = sourcecode.swift; path = AssemblerProtocol.swift; sourceTree = "<group>"; };
/* End PBXFileReference section */

/* Begin PBXFrameworksBuildPhase section */
		0955347B20599E87004D24D3 /* Frameworks */ = {
			isa = PBXFrameworksBuildPhase;
			buildActionMask = 2147483647;
			files = (
				09CE1C66205AFB2B0090656A /* Swinject.framework in Frameworks */,
			);
			runOnlyForDeploymentPostprocessing = 0;
		};
		0955348F20599E87004D24D3 /* Frameworks */ = {
			isa = PBXFrameworksBuildPhase;
			buildActionMask = 2147483647;
			files = (
			);
			runOnlyForDeploymentPostprocessing = 0;
		};
/* End PBXFrameworksBuildPhase section */

/* Begin PBXGroup section */
		091BBDFC205B08CD0046A2F4 /* NotesList */ = {
			isa = PBXGroup;
			children = (
				099E867B205D2B3D00D8CF98 /* Views */,
				091BBE0A205B093E0046A2F4 /* NotesListAssembler.swift */,
				091BBDFE205B08E50046A2F4 /* NotesListInteractor.swift */,
				091BBDFF205B08E50046A2F4 /* NotesListPresenter.swift */,
				091BBE00205B08E50046A2F4 /* NotesListProtocols.swift */,
				091BBE01205B08E50046A2F4 /* NotesListRouter.swift */,
				091BBE02205B08E50046A2F4 /* NotesListViewController.swift */,
				091BBE03205B08E50046A2F4 /* NotesListViewController.xib */,
				099E8679205D240000D8CF98 /* NotesDataManager.swift */,
			);
			path = NotesList;
			sourceTree = "<group>";
		};
		0955347520599E87004D24D3 = {
			isa = PBXGroup;
			children = (
				099E8675205D213000D8CF98 /* Models */,
				09CE1C68205AFCD20090656A /* Modules */,
				0955348020599E87004D24D3 /* Common */,
				0955349520599E87004D24D3 /* Tests */,
				0955347F20599E87004D24D3 /* Products */,
				095534A12059A1E9004D24D3 /* Frameworks */,
			);
			sourceTree = "<group>";
		};
		0955347F20599E87004D24D3 /* Products */ = {
			isa = PBXGroup;
			children = (
				0955347E20599E87004D24D3 /* LPNotesManagerCodeTest.app */,
				0955349220599E87004D24D3 /* LPNotesManagerCodeTestTests.xctest */,
			);
			name = Products;
			sourceTree = "<group>";
		};
		0955348020599E87004D24D3 /* Common */ = {
			isa = PBXGroup;
			children = (
				09CE1C6C205B001A0090656A /* Protocols */,
				09CE1C69205AFE1A0090656A /* Extensions */,
				0955348120599E87004D24D3 /* AppDelegate.swift */,
				0955348520599E87004D24D3 /* Main.storyboard */,
				0955348820599E87004D24D3 /* Assets.xcassets */,
				0955348A20599E87004D24D3 /* LaunchScreen.storyboard */,
				0955348D20599E87004D24D3 /* Info.plist */,
				091BBDFA205B08520046A2F4 /* Default-568h@2x.png */,
			);
			path = Common;
			sourceTree = "<group>";
		};
		0955349520599E87004D24D3 /* Tests */ = {
			isa = PBXGroup;
			children = (
				0955349620599E87004D24D3 /* LPNotesManagerCodeTestTests.swift */,
				0955349820599E87004D24D3 /* Info.plist */,
			);
			path = Tests;
			sourceTree = "<group>";
		};
		095534A12059A1E9004D24D3 /* Frameworks */ = {
			isa = PBXGroup;
			children = (
				09CE1C64205AFB230090656A /* Swinject.framework */,
			);
			path = Frameworks;
			sourceTree = "<group>";
		};
		099E8675205D213000D8CF98 /* Models */ = {
			isa = PBXGroup;
			children = (
				099E8676205D213F00D8CF98 /* Domain */,
			);
			path = Models;
			sourceTree = "<group>";
		};
		099E8676205D213F00D8CF98 /* Domain */ = {
			isa = PBXGroup;
			children = (
				099E8677205D215500D8CF98 /* Note.swift */,
			);
			path = Domain;
			sourceTree = "<group>";
		};
		099E867B205D2B3D00D8CF98 /* Views */ = {
			isa = PBXGroup;
			children = (
				099E867C205D2B9500D8CF98 /* NoteCell.swift */,
				099E867D205D2B9500D8CF98 /* NoteCell.xib */,
			);
			path = Views;
			sourceTree = "<group>";
		};
		09CE1C68205AFCD20090656A /* Modules */ = {
			isa = PBXGroup;
			children = (
				091BBDFC205B08CD0046A2F4 /* NotesList */,
				095534A62059A3C6004D24D3 /* ViewControllerAssembler.swift */,
				0955348320599E87004D24D3 /* ViewController.swift */,
			);
			path = Modules;
			sourceTree = "<group>";
		};
		09CE1C69205AFE1A0090656A /* Extensions */ = {
			isa = PBXGroup;
			children = (
				099E8680205D377E00D8CF98 /* UIColor.swift */,
			);
			path = Extensions;
			sourceTree = "<group>";
		};
		09CE1C6C205B001A0090656A /* Protocols */ = {
			isa = PBXGroup;
			children = (
				09CE1C6D205B00590090656A /* AssemblerProtocol.swift */,
				091BBE0C205BB3D70046A2F4 /* MainAssembler.swift */,
			);
			path = Protocols;
			sourceTree = "<group>";
		};
/* End PBXGroup section */

/* Begin PBXNativeTarget section */
		0955347D20599E87004D24D3 /* LPNotesManagerCodeTest */ = {
			isa = PBXNativeTarget;
			buildConfigurationList = 0955349B20599E88004D24D3 /* Build configuration list for PBXNativeTarget "LPNotesManagerCodeTest" */;
			buildPhases = (
				0955347A20599E87004D24D3 /* Sources */,
				0955347B20599E87004D24D3 /* Frameworks */,
				0955347C20599E87004D24D3 /* Resources */,
				09B2AEF9205AFABC006E3D0C /* Embed Frameworks */,
			);
			buildRules = (
			);
			dependencies = (
			);
			name = LPNotesManagerCodeTest;
			productName = LPNotesManagerCodeTest;
			productReference = 0955347E20599E87004D24D3 /* LPNotesManagerCodeTest.app */;
			productType = "com.apple.product-type.application";
		};
		0955349120599E87004D24D3 /* LPNotesManagerCodeTestTests */ = {
			isa = PBXNativeTarget;
			buildConfigurationList = 0955349E20599E88004D24D3 /* Build configuration list for PBXNativeTarget "LPNotesManagerCodeTestTests" */;
			buildPhases = (
				0955348E20599E87004D24D3 /* Sources */,
				0955348F20599E87004D24D3 /* Frameworks */,
				0955349020599E87004D24D3 /* Resources */,
			);
			buildRules = (
			);
			dependencies = (
				0955349420599E87004D24D3 /* PBXTargetDependency */,
			);
			name = LPNotesManagerCodeTestTests;
			productName = LPNotesManagerCodeTestTests;
			productReference = 0955349220599E87004D24D3 /* LPNotesManagerCodeTestTests.xctest */;
			productType = "com.apple.product-type.bundle.unit-test";
		};
/* End PBXNativeTarget section */

/* Begin PBXProject section */
		0955347620599E87004D24D3 /* Project object */ = {
			isa = PBXProject;
			attributes = {
				LastSwiftUpdateCheck = 0920;
				LastUpgradeCheck = 0920;
				ORGANIZATIONNAME = Perhapps;
				TargetAttributes = {
					0955347D20599E87004D24D3 = {
						CreatedOnToolsVersion = 9.2;
						ProvisioningStyle = Automatic;
					};
					0955349120599E87004D24D3 = {
						CreatedOnToolsVersion = 9.2;
						ProvisioningStyle = Automatic;
						TestTargetID = 0955347D20599E87004D24D3;
					};
				};
			};
			buildConfigurationList = 0955347920599E87004D24D3 /* Build configuration list for PBXProject "LPNotesManagerCodeTest" */;
			compatibilityVersion = "Xcode 8.0";
			developmentRegion = en;
			hasScannedForEncodings = 0;
			knownRegions = (
				en,
				Base,
			);
			mainGroup = 0955347520599E87004D24D3;
			productRefGroup = 0955347F20599E87004D24D3 /* Products */;
			projectDirPath = "";
			projectRoot = "";
			targets = (
				0955347D20599E87004D24D3 /* LPNotesManagerCodeTest */,
				0955349120599E87004D24D3 /* LPNotesManagerCodeTestTests */,
			);
		};
/* End PBXProject section */

/* Begin PBXResourcesBuildPhase section */
		0955347C20599E87004D24D3 /* Resources */ = {
			isa = PBXResourcesBuildPhase;
			buildActionMask = 2147483647;
			files = (
				0955348C20599E87004D24D3 /* LaunchScreen.storyboard in Resources */,
				091BBDFB205B08520046A2F4 /* Default-568h@2x.png in Resources */,
				0955348920599E87004D24D3 /* Assets.xcassets in Resources */,
				0955348720599E87004D24D3 /* Main.storyboard in Resources */,
				091BBE09205B08E50046A2F4 /* NotesListViewController.xib in Resources */,
				099E867F205D2B9500D8CF98 /* NoteCell.xib in Resources */,
			);
			runOnlyForDeploymentPostprocessing = 0;
		};
		0955349020599E87004D24D3 /* Resources */ = {
			isa = PBXResourcesBuildPhase;
			buildActionMask = 2147483647;
			files = (
			);
			runOnlyForDeploymentPostprocessing = 0;
		};
/* End PBXResourcesBuildPhase section */

/* Begin PBXSourcesBuildPhase section */
		0955347A20599E87004D24D3 /* Sources */ = {
			isa = PBXSourcesBuildPhase;
			buildActionMask = 2147483647;
			files = (
				0955348420599E87004D24D3 /* ViewController.swift in Sources */,
				095534A72059A3C6004D24D3 /* ViewControllerAssembler.swift in Sources */,
				091BBE0D205BB3D70046A2F4 /* MainAssembler.swift in Sources */,
				091BBE08205B08E50046A2F4 /* NotesListViewController.swift in Sources */,
				099E8681205D377E00D8CF98 /* UIColor.swift in Sources */,
				091BBE07205B08E50046A2F4 /* NotesListRouter.swift in Sources */,
				099E867E205D2B9500D8CF98 /* NoteCell.swift in Sources */,
				091BBE05205B08E50046A2F4 /* NotesListPresenter.swift in Sources */,
				091BBE04205B08E50046A2F4 /* NotesListInteractor.swift in Sources */,
				09CE1C6E205B00590090656A /* AssemblerProtocol.swift in Sources */,
				091BBE0B205B093E0046A2F4 /* NotesListAssembler.swift in Sources */,
				091BBE06205B08E50046A2F4 /* NotesListProtocols.swift in Sources */,
				0955348220599E87004D24D3 /* AppDelegate.swift in Sources */,
				099E8678205D215500D8CF98 /* Note.swift in Sources */,
				099E867A205D240000D8CF98 /* NotesDataManager.swift in Sources */,
			);
			runOnlyForDeploymentPostprocessing = 0;
		};
		0955348E20599E87004D24D3 /* Sources */ = {
			isa = PBXSourcesBuildPhase;
			buildActionMask = 2147483647;
			files = (
				0955349720599E87004D24D3 /* LPNotesManagerCodeTestTests.swift in Sources */,
			);
			runOnlyForDeploymentPostprocessing = 0;
		};
/* End PBXSourcesBuildPhase section */

/* Begin PBXTargetDependency section */
		0955349420599E87004D24D3 /* PBXTargetDependency */ = {
			isa = PBXTargetDependency;
			target = 0955347D20599E87004D24D3 /* LPNotesManagerCodeTest */;
			targetProxy = 0955349320599E87004D24D3 /* PBXContainerItemProxy */;
		};
/* End PBXTargetDependency section */

/* Begin PBXVariantGroup section */
		0955348520599E87004D24D3 /* Main.storyboard */ = {
			isa = PBXVariantGroup;
			children = (
				0955348620599E87004D24D3 /* Base */,
			);
			name = Main.storyboard;
			sourceTree = "<group>";
		};
		0955348A20599E87004D24D3 /* LaunchScreen.storyboard */ = {
			isa = PBXVariantGroup;
			children = (
				0955348B20599E87004D24D3 /* Base */,
			);
			name = LaunchScreen.storyboard;
			sourceTree = "<group>";
		};
/* End PBXVariantGroup section */

/* Begin XCBuildConfiguration section */
		0955349920599E88004D24D3 /* Debug */ = {
			isa = XCBuildConfiguration;
			buildSettings = {
				ALWAYS_SEARCH_USER_PATHS = NO;
				CLANG_ANALYZER_NONNULL = YES;
				CLANG_ANALYZER_NUMBER_OBJECT_CONVERSION = YES_AGGRESSIVE;
				CLANG_CXX_LANGUAGE_STANDARD = "gnu++14";
				CLANG_CXX_LIBRARY = "libc++";
				CLANG_ENABLE_MODULES = YES;
				CLANG_ENABLE_OBJC_ARC = YES;
				CLANG_WARN_BLOCK_CAPTURE_AUTORELEASING = YES;
				CLANG_WARN_BOOL_CONVERSION = YES;
				CLANG_WARN_COMMA = YES;
				CLANG_WARN_CONSTANT_CONVERSION = YES;
				CLANG_WARN_DIRECT_OBJC_ISA_USAGE = YES_ERROR;
				CLANG_WARN_DOCUMENTATION_COMMENTS = YES;
				CLANG_WARN_EMPTY_BODY = YES;
				CLANG_WARN_ENUM_CONVERSION = YES;
				CLANG_WARN_INFINITE_RECURSION = YES;
				CLANG_WARN_INT_CONVERSION = YES;
				CLANG_WARN_NON_LITERAL_NULL_CONVERSION = YES;
				CLANG_WARN_OBJC_LITERAL_CONVERSION = YES;
				CLANG_WARN_OBJC_ROOT_CLASS = YES_ERROR;
				CLANG_WARN_RANGE_LOOP_ANALYSIS = YES;
				CLANG_WARN_STRICT_PROTOTYPES = YES;
				CLANG_WARN_SUSPICIOUS_MOVE = YES;
				CLANG_WARN_UNGUARDED_AVAILABILITY = YES_AGGRESSIVE;
				CLANG_WARN_UNREACHABLE_CODE = YES;
				CLANG_WARN__DUPLICATE_METHOD_MATCH = YES;
				CODE_SIGN_IDENTITY = "iPhone Developer";
				COPY_PHASE_STRIP = NO;
				DEBUG_INFORMATION_FORMAT = dwarf;
				ENABLE_STRICT_OBJC_MSGSEND = YES;
				ENABLE_TESTABILITY = YES;
				GCC_C_LANGUAGE_STANDARD = gnu11;
				GCC_DYNAMIC_NO_PIC = NO;
				GCC_NO_COMMON_BLOCKS = YES;
				GCC_OPTIMIZATION_LEVEL = 0;
				GCC_PREPROCESSOR_DEFINITIONS = (
					"DEBUG=1",
					"$(inherited)",
				);
				GCC_WARN_64_TO_32_BIT_CONVERSION = YES;
				GCC_WARN_ABOUT_RETURN_TYPE = YES_ERROR;
				GCC_WARN_UNDECLARED_SELECTOR = YES;
				GCC_WARN_UNINITIALIZED_AUTOS = YES_AGGRESSIVE;
				GCC_WARN_UNUSED_FUNCTION = YES;
				GCC_WARN_UNUSED_VARIABLE = YES;
				IPHONEOS_DEPLOYMENT_TARGET = 11.2;
				MTL_ENABLE_DEBUG_INFO = YES;
				ONLY_ACTIVE_ARCH = YES;
				SDKROOT = iphoneos;
				SWIFT_ACTIVE_COMPILATION_CONDITIONS = DEBUG;
				SWIFT_OPTIMIZATION_LEVEL = "-Onone";
			};
			name = Debug;
		};
		0955349A20599E88004D24D3 /* Release */ = {
			isa = XCBuildConfiguration;
			buildSettings = {
				ALWAYS_SEARCH_USER_PATHS = NO;
				CLANG_ANALYZER_NONNULL = YES;
				CLANG_ANALYZER_NUMBER_OBJECT_CONVERSION = YES_AGGRESSIVE;
				CLANG_CXX_LANGUAGE_STANDARD = "gnu++14";
				CLANG_CXX_LIBRARY = "libc++";
				CLANG_ENABLE_MODULES = YES;
				CLANG_ENABLE_OBJC_ARC = YES;
				CLANG_WARN_BLOCK_CAPTURE_AUTORELEASING = YES;
				CLANG_WARN_BOOL_CONVERSION = YES;
				CLANG_WARN_COMMA = YES;
				CLANG_WARN_CONSTANT_CONVERSION = YES;
				CLANG_WARN_DIRECT_OBJC_ISA_USAGE = YES_ERROR;
				CLANG_WARN_DOCUMENTATION_COMMENTS = YES;
				CLANG_WARN_EMPTY_BODY = YES;
				CLANG_WARN_ENUM_CONVERSION = YES;
				CLANG_WARN_INFINITE_RECURSION = YES;
				CLANG_WARN_INT_CONVERSION = YES;
				CLANG_WARN_NON_LITERAL_NULL_CONVERSION = YES;
				CLANG_WARN_OBJC_LITERAL_CONVERSION = YES;
				CLANG_WARN_OBJC_ROOT_CLASS = YES_ERROR;
				CLANG_WARN_RANGE_LOOP_ANALYSIS = YES;
				CLANG_WARN_STRICT_PROTOTYPES = YES;
				CLANG_WARN_SUSPICIOUS_MOVE = YES;
				CLANG_WARN_UNGUARDED_AVAILABILITY = YES_AGGRESSIVE;
				CLANG_WARN_UNREACHABLE_CODE = YES;
				CLANG_WARN__DUPLICATE_METHOD_MATCH = YES;
				CODE_SIGN_IDENTITY = "iPhone Developer";
				COPY_PHASE_STRIP = NO;
				DEBUG_INFORMATION_FORMAT = "dwarf-with-dsym";
				ENABLE_NS_ASSERTIONS = NO;
				ENABLE_STRICT_OBJC_MSGSEND = YES;
				GCC_C_LANGUAGE_STANDARD = gnu11;
				GCC_NO_COMMON_BLOCKS = YES;
				GCC_WARN_64_TO_32_BIT_CONVERSION = YES;
				GCC_WARN_ABOUT_RETURN_TYPE = YES_ERROR;
				GCC_WARN_UNDECLARED_SELECTOR = YES;
				GCC_WARN_UNINITIALIZED_AUTOS = YES_AGGRESSIVE;
				GCC_WARN_UNUSED_FUNCTION = YES;
				GCC_WARN_UNUSED_VARIABLE = YES;
				IPHONEOS_DEPLOYMENT_TARGET = 11.2;
				MTL_ENABLE_DEBUG_INFO = NO;
				SDKROOT = iphoneos;
				SWIFT_OPTIMIZATION_LEVEL = "-Owholemodule";
				VALIDATE_PRODUCT = YES;
			};
			name = Release;
		};
		0955349C20599E88004D24D3 /* Debug */ = {
			isa = XCBuildConfiguration;
			buildSettings = {
				ASSETCATALOG_COMPILER_APPICON_NAME = AppIcon;
				CODE_SIGN_STYLE = Automatic;
				DEVELOPMENT_TEAM = 46H26683TG;
				FRAMEWORK_SEARCH_PATHS = (
					"$(inherited)",
					"$(PROJECT_DIR)/Carthage/Build/iOS",
					"$(PROJECT_DIR)/Frameworks",
				);
				INFOPLIST_FILE = "$(SRCROOT)/Common/Info.plist";
				LD_RUNPATH_SEARCH_PATHS = "$(inherited) @executable_path/Frameworks";
				PRODUCT_BUNDLE_IDENTIFIER = net.perhapps.LPNotesManagerCodeTest;
				PRODUCT_NAME = "$(TARGET_NAME)";
				SWIFT_VERSION = 4.0;
				TARGETED_DEVICE_FAMILY = "1,2";
			};
			name = Debug;
		};
		0955349D20599E88004D24D3 /* Release */ = {
			isa = XCBuildConfiguration;
			buildSettings = {
				ASSETCATALOG_COMPILER_APPICON_NAME = AppIcon;
				CODE_SIGN_STYLE = Automatic;
				DEVELOPMENT_TEAM = 46H26683TG;
				FRAMEWORK_SEARCH_PATHS = (
					"$(inherited)",
					"$(PROJECT_DIR)/Carthage/Build/iOS",
					"$(PROJECT_DIR)/Frameworks",
				);
				INFOPLIST_FILE = "$(SRCROOT)/Common/Info.plist";
				LD_RUNPATH_SEARCH_PATHS = "$(inherited) @executable_path/Frameworks";
				PRODUCT_BUNDLE_IDENTIFIER = net.perhapps.LPNotesManagerCodeTest;
				PRODUCT_NAME = "$(TARGET_NAME)";
				SWIFT_VERSION = 4.0;
				TARGETED_DEVICE_FAMILY = "1,2";
			};
			name = Release;
		};
		0955349F20599E88004D24D3 /* Debug */ = {
			isa = XCBuildConfiguration;
			buildSettings = {
				ALWAYS_EMBED_SWIFT_STANDARD_LIBRARIES = YES;
				BUNDLE_LOADER = "$(TEST_HOST)";
				CODE_SIGN_STYLE = Automatic;
				DEVELOPMENT_TEAM = 46H26683TG;
				INFOPLIST_FILE = LPNotesManagerCodeTestTests/Info.plist;
				LD_RUNPATH_SEARCH_PATHS = "$(inherited) @executable_path/Frameworks @loader_path/Frameworks";
				PRODUCT_BUNDLE_IDENTIFIER = net.perhapps.LPNotesManagerCodeTestTests;
				PRODUCT_NAME = "$(TARGET_NAME)";
				SWIFT_VERSION = 4.0;
				TARGETED_DEVICE_FAMILY = "1,2";
				TEST_HOST = "$(BUILT_PRODUCTS_DIR)/LPNotesManagerCodeTest.app/LPNotesManagerCodeTest";
			};
			name = Debug;
		};
		095534A020599E88004D24D3 /* Release */ = {
			isa = XCBuildConfiguration;
			buildSettings = {
				ALWAYS_EMBED_SWIFT_STANDARD_LIBRARIES = YES;
				BUNDLE_LOADER = "$(TEST_HOST)";
				CODE_SIGN_STYLE = Automatic;
				DEVELOPMENT_TEAM = 46H26683TG;
				INFOPLIST_FILE = LPNotesManagerCodeTestTests/Info.plist;
				LD_RUNPATH_SEARCH_PATHS = "$(inherited) @executable_path/Frameworks @loader_path/Frameworks";
				PRODUCT_BUNDLE_IDENTIFIER = net.perhapps.LPNotesManagerCodeTestTests;
				PRODUCT_NAME = "$(TARGET_NAME)";
				SWIFT_VERSION = 4.0;
				TARGETED_DEVICE_FAMILY = "1,2";
				TEST_HOST = "$(BUILT_PRODUCTS_DIR)/LPNotesManagerCodeTest.app/LPNotesManagerCodeTest";
			};
			name = Release;
		};
/* End XCBuildConfiguration section */

/* Begin XCConfigurationList section */
		0955347920599E87004D24D3 /* Build configuration list for PBXProject "LPNotesManagerCodeTest" */ = {
			isa = XCConfigurationList;
			buildConfigurations = (
				0955349920599E88004D24D3 /* Debug */,
				0955349A20599E88004D24D3 /* Release */,
			);
			defaultConfigurationIsVisible = 0;
			defaultConfigurationName = Release;
		};
		0955349B20599E88004D24D3 /* Build configuration list for PBXNativeTarget "LPNotesManagerCodeTest" */ = {
			isa = XCConfigurationList;
			buildConfigurations = (
				0955349C20599E88004D24D3 /* Debug */,
				0955349D20599E88004D24D3 /* Release */,
			);
			defaultConfigurationIsVisible = 0;
			defaultConfigurationName = Release;
		};
		0955349E20599E88004D24D3 /* Build configuration list for PBXNativeTarget "LPNotesManagerCodeTestTests" */ = {
			isa = XCConfigurationList;
			buildConfigurations = (
				0955349F20599E88004D24D3 /* Debug */,
				095534A020599E88004D24D3 /* Release */,
			);
			defaultConfigurationIsVisible = 0;
			defaultConfigurationName = Release;
		};
/* End XCConfigurationList section */
	};
	rootObject = 0955347620599E87004D24D3 /* Project object */;
}
